
Microsoft Visual Studio Solution File, Format Version 11.00
# Visual Studio 2010
Project("{FAE04EC0-301F-11D3-BF4B-00C04F79EFBC}") = "DotNetExtensions", "DotNetExtensions\DotNetExtensions.csproj", "{D0A73E7B-6C66-4764-8153-C9372AC00FE2}"
EndProject
Project("{FAE04EC0-301F-11D3-BF4B-00C04F79EFBC}") = "DotNetExtensionsExamples", "DotNetExtensionsExamples\DotNetExtensionsExamples.csproj", "{0E3A53D9-7748-46DD-A820-BD8B3D7E21CE}"
EndProject
Global
	GlobalSection(SolutionConfigurationPlatforms) = preSolution
		Debug|Any CPU = Debug|Any CPU
		Debug|Mixed Platforms = Debug|Mixed Platforms
		Debug|x86 = Debug|x86
		Release|Any CPU = Release|Any CPU
		Release|Mixed Platforms = Release|Mixed Platforms
		Release|x86 = Release|x86
	EndGlobalSection
	GlobalSection(ProjectConfigurationPlatforms) = postSolution
		{D0A73E7B-6C66-4764-8153-C9372AC00FE2}.Debug|Any CPU.ActiveCfg = Debug|Any CPU
		{D0A73E7B-6C66-4764-8153-C9372AC00FE2}.Debug|Any CPU.Build.0 = Debug|Any CPU
		{D0A73E7B-6C66-4764-8153-C9372AC00FE2}.Debug|Mixed Platforms.ActiveCfg = Debug|Any CPU
		{D0A73E7B-6C66-4764-8153-C9372AC00FE2}.Debug|Mixed Platforms.Build.0 = Debug|Any CPU
		{D0A73E7B-6C66-4764-8153-C9372AC00FE2}.Debug|x86.ActiveCfg = Debug|Any CPU
		{D0A73E7B-6C66-4764-8153-C9372AC00FE2}.Release|Any CPU.ActiveCfg = Release|Any CPU
		{D0A73E7B-6C66-4764-8153-C9372AC00FE2}.Release|Any CPU.Build.0 = Release|Any CPU
		{D0A73E7B-6C66-4764-8153-C9372AC00FE2}.Release|Mixed Platforms.ActiveCfg = Release|Any CPU
		{D0A73E7B-6C66-4764-8153-C9372AC00FE2}.Release|Mixed Platforms.Build.0 = Release|Any CPU
		{D0A73E7B-6C66-4764-8153-C9372AC00FE2}.Release|x86.ActiveCfg = Release|Any CPU
		{0E3A53D9-7748-46DD-A820-BD8B3D7E21CE}.Debug|Any CPU.ActiveCfg = Debug|x86
		{0E3A53D9-7748-46DD-A820-BD8B3D7E21CE}.Debug|Mixed Platforms.ActiveCfg = Debug|x86
		{0E3A53D9-7748-46DD-A820-BD8B3D7E21CE}.Debug|Mixed Platforms.Build.0 = Debug|x86
		{0E3A53D9-7748-46DD-A820-BD8B3D7E21CE}.Debug|x86.ActiveCfg = Debug|x86
		{0E3A53D9-7748-46DD-A820-BD8B3D7E21CE}.Debug|x86.Build.0 = Debug|x86
		{0E3A53D9-7748-46DD-A820-BD8B3D7E21CE}.Release|Any CPU.ActiveCfg = Release|x86
		{0E3A53D9-7748-46DD-A820-BD8B3D7E21CE}.Release|Mixed Platforms.ActiveCfg = Release|x86
		{0E3A53D9-7748-46DD-A820-BD8B3D7E21CE}.Release|Mixed Platforms.Build.0 = Release|x86
		{0E3A53D9-7748-46DD-A820-BD8B3D7E21CE}.Release|x86.ActiveCfg = Release|x86
		{0E3A53D9-7748-46DD-A820-BD8B3D7E21CE}.Release|x86.Build.0 = Release|x86
	EndGlobalSection
	GlobalSection(SolutionProperties) = preSolution
		HideSolutionNode = FALSE
	EndGlobalSection
EndGlobal
